
Microsoft Visual Studio Solution File, Format Version 12.00
# Visual Studio Version 17
VisualStudioVersion = 17.10.35027.167
MinimumVisualStudioVersion = 10.0.40219.1
Project("{FAE04EC0-301F-11D3-BF4B-00C04F79EFBC}") = "GraphAssignment1", "GraphAssignment1.csproj", "{710F0F49-A8EE-43AF-BE09-52F368B27CEA}"
EndProject
Project("{FAE04EC0-301F-11D3-BF4B-00C04F79EFBC}") = "GraphAssignment2", "..\GraphAssignment2\GraphAssignment2.csproj", "{D946D215-66AE-4570-9A52-780B84478431}"
EndProject
Global
	GlobalSection(SolutionConfigurationPlatforms) = preSolution
		Debug|Any CPU = Debug|Any CPU
		Release|Any CPU = Release|Any CPU
	EndGlobalSection
	GlobalSection(ProjectConfigurationPlatforms) = postSolution
		{710F0F49-A8EE-43AF-BE09-52F368B27CEA}.Debug|Any CPU.ActiveCfg = Debug|Any CPU
		{710F0F49-A8EE-43AF-BE09-52F368B27CEA}.Debug|Any CPU.Build.0 = Debug|Any CPU
		{710F0F49-A8EE-43AF-BE09-52F368B27CEA}.Release|Any CPU.ActiveCfg = Release|Any CPU
		{710F0F49-A8EE-43AF-BE09-52F368B27CEA}.Release|Any CPU.Build.0 = Release|Any CPU
		{D946D215-66AE-4570-9A52-780B84478431}.Debug|Any CPU.ActiveCfg = Debug|Any CPU
		{D946D215-66AE-4570-9A52-780B84478431}.Debug|Any CPU.Build.0 = Debug|Any CPU
		{D946D215-66AE-4570-9A52-780B84478431}.Release|Any CPU.ActiveCfg = Release|Any CPU
		{D946D215-66AE-4570-9A52-780B84478431}.Release|Any CPU.Build.0 = Release|Any CPU
	EndGlobalSection
	GlobalSection(SolutionProperties) = preSolution
		HideSolutionNode = FALSE
	EndGlobalSection
	GlobalSection(ExtensibilityGlobals) = postSolution
		SolutionGuid = {99689DE1-EE59-4349-9D9B-B2C4EB27076E}
	EndGlobalSection
EndGlobal
