
Microsoft Visual Studio Solution File, Format Version 12.00
# Visual Studio Version 17
VisualStudioVersion = 17.10.35027.167
MinimumVisualStudioVersion = 10.0.40219.1
Project("{9A19103F-16F7-4668-BE54-9A1E7A4F7556}") = "LevelTest1", "LevelTest1.csproj", "{F7516A69-67E2-4EAA-823F-4CBEB782E163}"
EndProject
Project("{FAE04EC0-301F-11D3-BF4B-00C04F79EFBC}") = "LevelTest2", "..\LevelTest2\LevelTest2.csproj", "{469F3736-6D4E-4F74-9FBB-D721248D01E1}"
EndProject
Project("{FAE04EC0-301F-11D3-BF4B-00C04F79EFBC}") = "LevelTest3", "..\LevelTest3\LevelTest3.csproj", "{4B969EDA-56F9-4BED-9035-EC358FAAD608}"
EndProject
Project("{FAE04EC0-301F-11D3-BF4B-00C04F79EFBC}") = "LevelTest4", "..\LevelTest4\LevelTest4.csproj", "{DD52AD6C-9B35-4B1C-89C5-F7918DBEBF01}"
EndProject
Project("{FAE04EC0-301F-11D3-BF4B-00C04F79EFBC}") = "LevelTest5", "..\LevelTest5\LevelTest5.csproj", "{1BCFA8CF-FC2E-43D3-9752-5814036C1D72}"
EndProject
Global
	GlobalSection(SolutionConfigurationPlatforms) = preSolution
		Debug|Any CPU = Debug|Any CPU
		Release|Any CPU = Release|Any CPU
	EndGlobalSection
	GlobalSection(ProjectConfigurationPlatforms) = postSolution
		{F7516A69-67E2-4EAA-823F-4CBEB782E163}.Debug|Any CPU.ActiveCfg = Debug|Any CPU
		{F7516A69-67E2-4EAA-823F-4CBEB782E163}.Debug|Any CPU.Build.0 = Debug|Any CPU
		{F7516A69-67E2-4EAA-823F-4CBEB782E163}.Release|Any CPU.ActiveCfg = Release|Any CPU
		{F7516A69-67E2-4EAA-823F-4CBEB782E163}.Release|Any CPU.Build.0 = Release|Any CPU
		{469F3736-6D4E-4F74-9FBB-D721248D01E1}.Debug|Any CPU.ActiveCfg = Debug|Any CPU
		{469F3736-6D4E-4F74-9FBB-D721248D01E1}.Debug|Any CPU.Build.0 = Debug|Any CPU
		{469F3736-6D4E-4F74-9FBB-D721248D01E1}.Release|Any CPU.ActiveCfg = Release|Any CPU
		{469F3736-6D4E-4F74-9FBB-D721248D01E1}.Release|Any CPU.Build.0 = Release|Any CPU
		{4B969EDA-56F9-4BED-9035-EC358FAAD608}.Debug|Any CPU.ActiveCfg = Debug|Any CPU
		{4B969EDA-56F9-4BED-9035-EC358FAAD608}.Debug|Any CPU.Build.0 = Debug|Any CPU
		{4B969EDA-56F9-4BED-9035-EC358FAAD608}.Release|Any CPU.ActiveCfg = Release|Any CPU
		{4B969EDA-56F9-4BED-9035-EC358FAAD608}.Release|Any CPU.Build.0 = Release|Any CPU
		{DD52AD6C-9B35-4B1C-89C5-F7918DBEBF01}.Debug|Any CPU.ActiveCfg = Debug|Any CPU
		{DD52AD6C-9B35-4B1C-89C5-F7918DBEBF01}.Debug|Any CPU.Build.0 = Debug|Any CPU
		{DD52AD6C-9B35-4B1C-89C5-F7918DBEBF01}.Release|Any CPU.ActiveCfg = Release|Any CPU
		{DD52AD6C-9B35-4B1C-89C5-F7918DBEBF01}.Release|Any CPU.Build.0 = Release|Any CPU
		{1BCFA8CF-FC2E-43D3-9752-5814036C1D72}.Debug|Any CPU.ActiveCfg = Debug|Any CPU
		{1BCFA8CF-FC2E-43D3-9752-5814036C1D72}.Debug|Any CPU.Build.0 = Debug|Any CPU
		{1BCFA8CF-FC2E-43D3-9752-5814036C1D72}.Release|Any CPU.ActiveCfg = Release|Any CPU
		{1BCFA8CF-FC2E-43D3-9752-5814036C1D72}.Release|Any CPU.Build.0 = Release|Any CPU
	EndGlobalSection
	GlobalSection(SolutionProperties) = preSolution
		HideSolutionNode = FALSE
	EndGlobalSection
	GlobalSection(ExtensibilityGlobals) = postSolution
		SolutionGuid = {E83B4778-E059-4FF0-8083-9188F5F71765}
	EndGlobalSection
EndGlobal
