
Microsoft Visual Studio Solution File, Format Version 12.00
# Visual Studio Version 17
VisualStudioVersion = 17.10.35027.167
MinimumVisualStudioVersion = 10.0.40219.1
Project("{FAE04EC0-301F-11D3-BF4B-00C04F79EFBC}") = "Generic", "Generic.csproj", "{3D66FF37-E94C-49A5-AF08-29759CB2CB25}"
EndProject
Global
	GlobalSection(SolutionConfigurationPlatforms) = preSolution
		Debug|Any CPU = Debug|Any CPU
		Release|Any CPU = Release|Any CPU
	EndGlobalSection
	GlobalSection(ProjectConfigurationPlatforms) = postSolution
		{3D66FF37-E94C-49A5-AF08-29759CB2CB25}.Debug|Any CPU.ActiveCfg = Debug|Any CPU
		{3D66FF37-E94C-49A5-AF08-29759CB2CB25}.Debug|Any CPU.Build.0 = Debug|Any CPU
		{3D66FF37-E94C-49A5-AF08-29759CB2CB25}.Release|Any CPU.ActiveCfg = Release|Any CPU
		{3D66FF37-E94C-49A5-AF08-29759CB2CB25}.Release|Any CPU.Build.0 = Release|Any CPU
	EndGlobalSection
	GlobalSection(SolutionProperties) = preSolution
		HideSolutionNode = FALSE
	EndGlobalSection
	GlobalSection(ExtensibilityGlobals) = postSolution
		SolutionGuid = {D275CE62-7588-453B-9BBD-BE9C3AC45B89}
	EndGlobalSection
EndGlobal
