
Microsoft Visual Studio Solution File, Format Version 12.00
# Visual Studio Version 17
VisualStudioVersion = 17.11.35017.193
MinimumVisualStudioVersion = 10.0.40219.1
Project("{FAE04EC0-301F-11D3-BF4B-00C04F79EFBC}") = "AbstractClass", "AbstractClass.csproj", "{79DC6F94-7719-43F4-974B-29D54D2DD949}"
EndProject
Global
	GlobalSection(SolutionConfigurationPlatforms) = preSolution
		Debug|Any CPU = Debug|Any CPU
		Release|Any CPU = Release|Any CPU
	EndGlobalSection
	GlobalSection(ProjectConfigurationPlatforms) = postSolution
		{79DC6F94-7719-43F4-974B-29D54D2DD949}.Debug|Any CPU.ActiveCfg = Debug|Any CPU
		{79DC6F94-7719-43F4-974B-29D54D2DD949}.Debug|Any CPU.Build.0 = Debug|Any CPU
		{79DC6F94-7719-43F4-974B-29D54D2DD949}.Release|Any CPU.ActiveCfg = Release|Any CPU
		{79DC6F94-7719-43F4-974B-29D54D2DD949}.Release|Any CPU.Build.0 = Release|Any CPU
	EndGlobalSection
	GlobalSection(SolutionProperties) = preSolution
		HideSolutionNode = FALSE
	EndGlobalSection
	GlobalSection(ExtensibilityGlobals) = postSolution
		SolutionGuid = {F7B41F31-2A48-43EF-AE8C-A70731C5386B}
	EndGlobalSection
EndGlobal
